// !$*UTF8*$!
{
	archiveVersion = 1;
	classes = {
	};
	objectVersion = 47;
	objects = {

/* Begin PBXBuildFile section */
		230C81C043C166EF00BC39D0 /* libPods-FART.a in Frameworks */ = {isa = PBXBuildFile; fileRef = E9C324227DBC66BC9F675A3C /* libPods-FART.a */; };
		B907E0321A140E10009713F5 /* Fabric.framework in Frameworks */ = {isa = PBXBuildFile; fileRef = B907E0301A140E10009713F5 /* Fabric.framework */; };
		B917D286196E0CDD008E418D /* Foundation.framework in Frameworks */ = {isa = PBXBuildFile; fileRef = B917D285196E0CDD008E418D /* Foundation.framework */; };
		B917D288196E0CDD008E418D /* CoreGraphics.framework in Frameworks */ = {isa = PBXBuildFile; fileRef = B917D287196E0CDD008E418D /* CoreGraphics.framework */; };
		B917D28A196E0CDD008E418D /* UIKit.framework in Frameworks */ = {isa = PBXBuildFile; fileRef = B917D289196E0CDD008E418D /* UIKit.framework */; };
		B917D290196E0CDD008E418D /* InfoPlist.strings in Resources */ = {isa = PBXBuildFile; fileRef = B917D28E196E0CDD008E418D /* InfoPlist.strings */; };
		B917D292196E0CDD008E418D /* main.m in Sources */ = {isa = PBXBuildFile; fileRef = B917D291196E0CDD008E418D /* main.m */; };
		B917D296196E0CDD008E418D /* AppDelegate.m in Sources */ = {isa = PBXBuildFile; fileRef = B917D295196E0CDD008E418D /* AppDelegate.m */; };
		B917D299196E0CDD008E418D /* Main.storyboard in Resources */ = {isa = PBXBuildFile; fileRef = B917D297196E0CDD008E418D /* Main.storyboard */; };
		B917D29C196E0CDD008E418D /* ViewController.m in Sources */ = {isa = PBXBuildFile; fileRef = B917D29B196E0CDD008E418D /* ViewController.m */; };
		B917D29E196E0CDD008E418D /* Images.xcassets in Resources */ = {isa = PBXBuildFile; fileRef = B917D29D196E0CDD008E418D /* Images.xcassets */; };
		B917D2BB196E0CE9008E418D /* CoreLocation.framework in Frameworks */ = {isa = PBXBuildFile; fileRef = B917D2BA196E0CE9008E418D /* CoreLocation.framework */; };
		B917D2BD196E0CF0008E418D /* CoreBluetooth.framework in Frameworks */ = {isa = PBXBuildFile; fileRef = B917D2BC196E0CF0008E418D /* CoreBluetooth.framework */; };
		B917D2C1196E0DC6008E418D /* AudioToolbox.framework in Frameworks */ = {isa = PBXBuildFile; fileRef = B917D2C0196E0DC6008E418D /* AudioToolbox.framework */; };
		B917D2C3196E0DCC008E418D /* CFNetwork.framework in Frameworks */ = {isa = PBXBuildFile; fileRef = B917D2C2196E0DCC008E418D /* CFNetwork.framework */; };
		B917D2C5196E0DDC008E418D /* libz.dylib in Frameworks */ = {isa = PBXBuildFile; fileRef = B917D2C4196E0DDC008E418D /* libz.dylib */; };
		B917D2C7196E0DE5008E418D /* MobileCoreServices.framework in Frameworks */ = {isa = PBXBuildFile; fileRef = B917D2C6196E0DE5008E418D /* MobileCoreServices.framework */; };
		B917D2C9196E0DEF008E418D /* QuartzCore.framework in Frameworks */ = {isa = PBXBuildFile; fileRef = B917D2C8196E0DEF008E418D /* QuartzCore.framework */; };
		B917D2CB196E0DFC008E418D /* Security.framework in Frameworks */ = {isa = PBXBuildFile; fileRef = B917D2CA196E0DFC008E418D /* Security.framework */; };
		B917D2CF196E0E10008E418D /* SystemConfiguration.framework in Frameworks */ = {isa = PBXBuildFile; fileRef = B917D2CE196E0E10008E418D /* SystemConfiguration.framework */; };
		B917D2D3196E0F4E008E418D /* Accounts.framework in Frameworks */ = {isa = PBXBuildFile; fileRef = B917D2D2196E0F4E008E418D /* Accounts.framework */; };
		B917D2D5196E0F5A008E418D /* Social.framework in Frameworks */ = {isa = PBXBuildFile; fileRef = B917D2D4196E0F5A008E418D /* Social.framework */; };
		B917D2DC196E7D43008E418D /* contactCellTableViewCell.m in Sources */ = {isa = PBXBuildFile; fileRef = B917D2DB196E7D43008E418D /* contactCellTableViewCell.m */; };
		B917D2E1196EE1D6008E418D /* userSettingsViewController.m in Sources */ = {isa = PBXBuildFile; fileRef = B917D2E0196EE1D6008E418D /* userSettingsViewController.m */; };
		B94D91101B0FC38A00556D16 /* NotificationCenter.framework in Frameworks */ = {isa = PBXBuildFile; fileRef = B9F9EB231A5F0428006DE682 /* NotificationCenter.framework */; };
		B94D91151B0FC38A00556D16 /* TodayViewController.swift in Sources */ = {isa = PBXBuildFile; fileRef = B94D91141B0FC38A00556D16 /* TodayViewController.swift */; };
		B94D91171B0FC38A00556D16 /* MainInterface.storyboard in Resources */ = {isa = PBXBuildFile; fileRef = B94D91161B0FC38A00556D16 /* MainInterface.storyboard */; };
		B94D911A1B0FC38A00556D16 /* fartCounter.appex in Embed App Extensions */ = {isa = PBXBuildFile; fileRef = B94D910F1B0FC38A00556D16 /* fartCounter.appex */; settings = {ATTRIBUTES = (RemoveHeadersOnCopy, ); }; };
		B954ADCD1978946700AB9877 /* contactsViewController.m in Sources */ = {isa = PBXBuildFile; fileRef = B954ADCC1978946700AB9877 /* contactsViewController.m */; };
		B958E4731A2FC35B00C4DA4E /* MoPub.framework in Frameworks */ = {isa = PBXBuildFile; fileRef = B958E4711A2FC35B00C4DA4E /* MoPub.framework */; };
		B958E4741A2FC35B00C4DA4E /* MoPub.bundle in Resources */ = {isa = PBXBuildFile; fileRef = B958E4721A2FC35B00C4DA4E /* MoPub.bundle */; };
		B96ADA8D1A1D579A00E4E424 /* PushNotificationMaster.m in Sources */ = {isa = PBXBuildFile; fileRef = B96ADA8C1A1D579A00E4E424 /* PushNotificationMaster.m */; };
		B96ADA901A1D74DF00E4E424 /* shareTableViewCell.m in Sources */ = {isa = PBXBuildFile; fileRef = B96ADA8F1A1D74DF00E4E424 /* shareTableViewCell.m */; };
		B98FA7E01AADAD5D005B1062 /* UAObfuscatedString.m in Sources */ = {isa = PBXBuildFile; fileRef = B98FA7DF1AADAD5D005B1062 /* UAObfuscatedString.m */; };
		B990A19E197DBB1600B276E9 /* feedbackViewController.m in Sources */ = {isa = PBXBuildFile; fileRef = B990A19D197DBB1600B276E9 /* feedbackViewController.m */; };
		B992CB3C1B0FE0FC003A17A6 /* Crashlytics.framework in Frameworks */ = {isa = PBXBuildFile; fileRef = B992CB3B1B0FE0FC003A17A6 /* Crashlytics.framework */; };
		B99BFB391A7EE89C00538FEA /* Launch Screen.xib in Resources */ = {isa = PBXBuildFile; fileRef = B99BFB381A7EE89C00538FEA /* Launch Screen.xib */; };
		B9DCAB031A099C13000940C7 /* fart.caf in Resources */ = {isa = PBXBuildFile; fileRef = B9DCAB021A099C13000940C7 /* fart.caf */; };
		B9E295A81A3A49DD00EE2CA5 /* libsqlite3.dylib in Frameworks */ = {isa = PBXBuildFile; fileRef = B9E295A71A3A49DD00EE2CA5 /* libsqlite3.dylib */; };
		B9E295B01A3A4A5600EE2CA5 /* libstdc++.6.dylib in Frameworks */ = {isa = PBXBuildFile; fileRef = B9E295AF1A3A4A5600EE2CA5 /* libstdc++.6.dylib */; };
		B9E295B21A3A579900EE2CA5 /* fart.mp3 in Resources */ = {isa = PBXBuildFile; fileRef = B9E295B11A3A579900EE2CA5 /* fart.mp3 */; };
/* End PBXBuildFile section */

/* Begin PBXContainerItemProxy section */
		B94D91181B0FC38A00556D16 /* PBXContainerItemProxy */ = {
			isa = PBXContainerItemProxy;
			containerPortal = B917D27A196E0CDD008E418D /* Project object */;
			proxyType = 1;
			remoteGlobalIDString = B94D910E1B0FC38A00556D16;
			remoteInfo = fartCounter;
		};
/* End PBXContainerItemProxy section */

/* Begin PBXCopyFilesBuildPhase section */
		B967B3B31A1BDCCB005BEBF8 /* Embed App Extensions */ = {
			isa = PBXCopyFilesBuildPhase;
			buildActionMask = 2147483647;
			dstPath = "";
			dstSubfolderSpec = 13;
			files = (
				B94D911A1B0FC38A00556D16 /* fartCounter.appex in Embed App Extensions */,
			);
			name = "Embed App Extensions";
			runOnlyForDeploymentPostprocessing = 0;
		};
/* End PBXCopyFilesBuildPhase section */

/* Begin PBXFileReference section */
		49E4FC5B1A23B63200908EDA /* Fabric.framework */ = {isa = PBXFileReference; lastKnownFileType = wrapper.framework; path = Fabric.framework; sourceTree = "<group>"; };
		8834920E1AFE021DB04085D6 /* Pods-FART.debug.xcconfig */ = {isa = PBXFileReference; includeInIndex = 1; lastKnownFileType = text.xcconfig; name = "Pods-FART.debug.xcconfig"; path = "Pods/Target Support Files/Pods-FART/Pods-FART.debug.xcconfig"; sourceTree = "<group>"; };
		B907E02F1A140E10009713F5 /* Crashlytics.framework */ = {isa = PBXFileReference; lastKnownFileType = wrapper.framework; path = Crashlytics.framework; sourceTree = SOURCE_ROOT; };
		B907E0301A140E10009713F5 /* Fabric.framework */ = {isa = PBXFileReference; lastKnownFileType = wrapper.framework; path = Fabric.framework; sourceTree = SOURCE_ROOT; };
		B907E0331A140EAA009713F5 /* MoPub.framework */ = {isa = PBXFileReference; lastKnownFileType = wrapper.framework; path = MoPub.framework; sourceTree = SOURCE_ROOT; };
		B907E0341A140EAA009713F5 /* MoPub.bundle */ = {isa = PBXFileReference; lastKnownFileType = "wrapper.plug-in"; name = MoPub.bundle; path = MoPub.framework/Versions/A/Resources/MoPub.bundle; sourceTree = SOURCE_ROOT; };
		B917D282196E0CDD008E418D /* FART.app */ = {isa = PBXFileReference; explicitFileType = wrapper.application; includeInIndex = 0; path = FART.app; sourceTree = BUILT_PRODUCTS_DIR; };
		B917D285196E0CDD008E418D /* Foundation.framework */ = {isa = PBXFileReference; lastKnownFileType = wrapper.framework; name = Foundation.framework; path = System/Library/Frameworks/Foundation.framework; sourceTree = SDKROOT; };
		B917D287196E0CDD008E418D /* CoreGraphics.framework */ = {isa = PBXFileReference; lastKnownFileType = wrapper.framework; name = CoreGraphics.framework; path = System/Library/Frameworks/CoreGraphics.framework; sourceTree = SDKROOT; };
		B917D289196E0CDD008E418D /* UIKit.framework */ = {isa = PBXFileReference; lastKnownFileType = wrapper.framework; name = UIKit.framework; path = System/Library/Frameworks/UIKit.framework; sourceTree = SDKROOT; };
		B917D28D196E0CDD008E418D /* FART-Info.plist */ = {isa = PBXFileReference; lastKnownFileType = text.plist.xml; path = "FART-Info.plist"; sourceTree = "<group>"; };
		B917D28F196E0CDD008E418D /* en */ = {isa = PBXFileReference; lastKnownFileType = text.plist.strings; name = en; path = en.lproj/InfoPlist.strings; sourceTree = "<group>"; };
		B917D291196E0CDD008E418D /* main.m */ = {isa = PBXFileReference; lastKnownFileType = sourcecode.c.objc; path = main.m; sourceTree = "<group>"; };
		B917D293196E0CDD008E418D /* FART-Prefix.pch */ = {isa = PBXFileReference; lastKnownFileType = sourcecode.c.h; path = "FART-Prefix.pch"; sourceTree = "<group>"; };
		B917D294196E0CDD008E418D /* AppDelegate.h */ = {isa = PBXFileReference; lastKnownFileType = sourcecode.c.h; path = AppDelegate.h; sourceTree = "<group>"; };
		B917D295196E0CDD008E418D /* AppDelegate.m */ = {isa = PBXFileReference; lastKnownFileType = sourcecode.c.objc; path = AppDelegate.m; sourceTree = "<group>"; };
		B917D298196E0CDD008E418D /* Base */ = {isa = PBXFileReference; lastKnownFileType = file.storyboard; name = Base; path = Base.lproj/Main.storyboard; sourceTree = "<group>"; };
		B917D29A196E0CDD008E418D /* ViewController.h */ = {isa = PBXFileReference; lastKnownFileType = sourcecode.c.h; path = ViewController.h; sourceTree = "<group>"; };
		B917D29B196E0CDD008E418D /* ViewController.m */ = {isa = PBXFileReference; lastKnownFileType = sourcecode.c.objc; path = ViewController.m; sourceTree = "<group>"; };
		B917D29D196E0CDD008E418D /* Images.xcassets */ = {isa = PBXFileReference; lastKnownFileType = folder.assetcatalog; path = Images.xcassets; sourceTree = "<group>"; };
		B917D2A4196E0CDD008E418D /* XCTest.framework */ = {isa = PBXFileReference; lastKnownFileType = wrapper.framework; name = XCTest.framework; path = Library/Frameworks/XCTest.framework; sourceTree = DEVELOPER_DIR; };
		B917D2AC196E0CDD008E418D /* H-ound Fart Ed.Tests-Info.plist */ = {isa = PBXFileReference; lastKnownFileType = text.plist.xml; path = "H-ound Fart Ed.Tests-Info.plist"; sourceTree = "<group>"; };
		B917D2AE196E0CDD008E418D /* en */ = {isa = PBXFileReference; lastKnownFileType = text.plist.strings; name = en; path = en.lproj/InfoPlist.strings; sourceTree = "<group>"; };
		B917D2B0196E0CDD008E418D /* H_oundTests.m */ = {isa = PBXFileReference; lastKnownFileType = sourcecode.c.objc; path = H_oundTests.m; sourceTree = "<group>"; };
		B917D2BA196E0CE9008E418D /* CoreLocation.framework */ = {isa = PBXFileReference; lastKnownFileType = wrapper.framework; name = CoreLocation.framework; path = System/Library/Frameworks/CoreLocation.framework; sourceTree = SDKROOT; };
		B917D2BC196E0CF0008E418D /* CoreBluetooth.framework */ = {isa = PBXFileReference; lastKnownFileType = wrapper.framework; name = CoreBluetooth.framework; path = System/Library/Frameworks/CoreBluetooth.framework; sourceTree = SDKROOT; };
		B917D2C0196E0DC6008E418D /* AudioToolbox.framework */ = {isa = PBXFileReference; lastKnownFileType = wrapper.framework; name = AudioToolbox.framework; path = System/Library/Frameworks/AudioToolbox.framework; sourceTree = SDKROOT; };
		B917D2C2196E0DCC008E418D /* CFNetwork.framework */ = {isa = PBXFileReference; lastKnownFileType = wrapper.framework; name = CFNetwork.framework; path = System/Library/Frameworks/CFNetwork.framework; sourceTree = SDKROOT; };
		B917D2C4196E0DDC008E418D /* libz.dylib */ = {isa = PBXFileReference; lastKnownFileType = "compiled.mach-o.dylib"; name = libz.dylib; path = usr/lib/libz.dylib; sourceTree = SDKROOT; };
		B917D2C6196E0DE5008E418D /* MobileCoreServices.framework */ = {isa = PBXFileReference; lastKnownFileType = wrapper.framework; name = MobileCoreServices.framework; path = System/Library/Frameworks/MobileCoreServices.framework; sourceTree = SDKROOT; };
		B917D2C8196E0DEF008E418D /* QuartzCore.framework */ = {isa = PBXFileReference; lastKnownFileType = wrapper.framework; name = QuartzCore.framework; path = System/Library/Frameworks/QuartzCore.framework; sourceTree = SDKROOT; };
		B917D2CA196E0DFC008E418D /* Security.framework */ = {isa = PBXFileReference; lastKnownFileType = wrapper.framework; name = Security.framework; path = System/Library/Frameworks/Security.framework; sourceTree = SDKROOT; };
		B917D2CE196E0E10008E418D /* SystemConfiguration.framework */ = {isa = PBXFileReference; lastKnownFileType = wrapper.framework; name = SystemConfiguration.framework; path = System/Library/Frameworks/SystemConfiguration.framework; sourceTree = SDKROOT; };
		B917D2D2196E0F4E008E418D /* Accounts.framework */ = {isa = PBXFileReference; lastKnownFileType = wrapper.framework; name = Accounts.framework; path = System/Library/Frameworks/Accounts.framework; sourceTree = SDKROOT; };
		B917D2D4196E0F5A008E418D /* Social.framework */ = {isa = PBXFileReference; lastKnownFileType = wrapper.framework; name = Social.framework; path = System/Library/Frameworks/Social.framework; sourceTree = SDKROOT; };
		B917D2DA196E7D43008E418D /* contactCellTableViewCell.h */ = {isa = PBXFileReference; fileEncoding = 4; lastKnownFileType = sourcecode.c.h; path = contactCellTableViewCell.h; sourceTree = "<group>"; };
		B917D2DB196E7D43008E418D /* contactCellTableViewCell.m */ = {isa = PBXFileReference; fileEncoding = 4; lastKnownFileType = sourcecode.c.objc; path = contactCellTableViewCell.m; sourceTree = "<group>"; };
		B917D2DF196EE1D6008E418D /* userSettingsViewController.h */ = {isa = PBXFileReference; fileEncoding = 4; lastKnownFileType = sourcecode.c.h; name = userSettingsViewController.h; path = ../userSettingsViewController.h; sourceTree = "<group>"; };
		B917D2E0196EE1D6008E418D /* userSettingsViewController.m */ = {isa = PBXFileReference; fileEncoding = 4; lastKnownFileType = sourcecode.c.objc; name = userSettingsViewController.m; path = ../userSettingsViewController.m; sourceTree = "<group>"; };
		B94D910F1B0FC38A00556D16 /* fartCounter.appex */ = {isa = PBXFileReference; explicitFileType = "wrapper.app-extension"; includeInIndex = 0; path = fartCounter.appex; sourceTree = BUILT_PRODUCTS_DIR; };
		B94D91131B0FC38A00556D16 /* Info.plist */ = {isa = PBXFileReference; lastKnownFileType = text.plist.xml; path = Info.plist; sourceTree = "<group>"; };
		B94D91141B0FC38A00556D16 /* TodayViewController.swift */ = {isa = PBXFileReference; lastKnownFileType = sourcecode.swift; path = TodayViewController.swift; sourceTree = "<group>"; };
		B94D91161B0FC38A00556D16 /* MainInterface.storyboard */ = {isa = PBXFileReference; lastKnownFileType = file.storyboard; path = MainInterface.storyboard; sourceTree = "<group>"; };
		B954ADCB1978946700AB9877 /* contactsViewController.h */ = {isa = PBXFileReference; fileEncoding = 4; lastKnownFileType = sourcecode.c.h; path = contactsViewController.h; sourceTree = "<group>"; };
		B954ADCC1978946700AB9877 /* contactsViewController.m */ = {isa = PBXFileReference; fileEncoding = 4; lastKnownFileType = sourcecode.c.objc; path = contactsViewController.m; sourceTree = "<group>"; };
		B958E4711A2FC35B00C4DA4E /* MoPub.framework */ = {isa = PBXFileReference; lastKnownFileType = wrapper.framework; path = MoPub.framework; sourceTree = "<group>"; };
		B958E4721A2FC35B00C4DA4E /* MoPub.bundle */ = {isa = PBXFileReference; lastKnownFileType = "wrapper.plug-in"; name = MoPub.bundle; path = MoPub.framework/Versions/A/Resources/MoPub.bundle; sourceTree = "<group>"; };
		B96ADA8B1A1D579A00E4E424 /* PushNotificationMaster.h */ = {isa = PBXFileReference; fileEncoding = 4; lastKnownFileType = sourcecode.c.h; path = PushNotificationMaster.h; sourceTree = "<group>"; };
		B96ADA8C1A1D579A00E4E424 /* PushNotificationMaster.m */ = {isa = PBXFileReference; fileEncoding = 4; lastKnownFileType = sourcecode.c.objc; path = PushNotificationMaster.m; sourceTree = "<group>"; };
		B96ADA8E1A1D74DF00E4E424 /* shareTableViewCell.h */ = {isa = PBXFileReference; fileEncoding = 4; lastKnownFileType = sourcecode.c.h; path = shareTableViewCell.h; sourceTree = "<group>"; };
		B96ADA8F1A1D74DF00E4E424 /* shareTableViewCell.m */ = {isa = PBXFileReference; fileEncoding = 4; lastKnownFileType = sourcecode.c.objc; path = shareTableViewCell.m; sourceTree = "<group>"; };
		B96ADA921A1E0E5100E4E424 /* Constants.h */ = {isa = PBXFileReference; fileEncoding = 4; lastKnownFileType = sourcecode.c.h; path = Constants.h; sourceTree = "<group>"; };
		B98FA7DE1AADAD5D005B1062 /* UAObfuscatedString.h */ = {isa = PBXFileReference; fileEncoding = 4; lastKnownFileType = sourcecode.c.h; path = UAObfuscatedString.h; sourceTree = "<group>"; };
		B98FA7DF1AADAD5D005B1062 /* UAObfuscatedString.m */ = {isa = PBXFileReference; fileEncoding = 4; lastKnownFileType = sourcecode.c.objc; path = UAObfuscatedString.m; sourceTree = "<group>"; };
		B990A19C197DBB1600B276E9 /* feedbackViewController.h */ = {isa = PBXFileReference; fileEncoding = 4; lastKnownFileType = sourcecode.c.h; path = feedbackViewController.h; sourceTree = "<group>"; };
		B990A19D197DBB1600B276E9 /* feedbackViewController.m */ = {isa = PBXFileReference; fileEncoding = 4; lastKnownFileType = sourcecode.c.objc; path = feedbackViewController.m; sourceTree = "<group>"; };
		B992CB3B1B0FE0FC003A17A6 /* Crashlytics.framework */ = {isa = PBXFileReference; lastKnownFileType = wrapper.framework; path = Crashlytics.framework; sourceTree = "<group>"; };
		B99BFB381A7EE89C00538FEA /* Launch Screen.xib */ = {isa = PBXFileReference; fileEncoding = 4; lastKnownFileType = file.xib; path = "Launch Screen.xib"; sourceTree = "<group>"; };
		B9DCAB021A099C13000940C7 /* fart.caf */ = {isa = PBXFileReference; lastKnownFileType = file; path = fart.caf; sourceTree = "<group>"; };
		B9E295A71A3A49DD00EE2CA5 /* libsqlite3.dylib */ = {isa = PBXFileReference; lastKnownFileType = "compiled.mach-o.dylib"; name = libsqlite3.dylib; path = usr/lib/libsqlite3.dylib; sourceTree = SDKROOT; };
		B9E295A91A3A4A1900EE2CA5 /* libstdc++.dylib */ = {isa = PBXFileReference; lastKnownFileType = "compiled.mach-o.dylib"; name = "libstdc++.dylib"; path = "usr/lib/libstdc++.dylib"; sourceTree = SDKROOT; };
		B9E295AB1A3A4A2D00EE2CA5 /* libc++.dylib */ = {isa = PBXFileReference; lastKnownFileType = "compiled.mach-o.dylib"; name = "libc++.dylib"; path = "usr/lib/libc++.dylib"; sourceTree = SDKROOT; };
		B9E295AD1A3A4A3600EE2CA5 /* libc.dylib */ = {isa = PBXFileReference; lastKnownFileType = "compiled.mach-o.dylib"; name = libc.dylib; path = usr/lib/libc.dylib; sourceTree = SDKROOT; };
		B9E295AF1A3A4A5600EE2CA5 /* libstdc++.6.dylib */ = {isa = PBXFileReference; lastKnownFileType = "compiled.mach-o.dylib"; name = "libstdc++.6.dylib"; path = "usr/lib/libstdc++.6.dylib"; sourceTree = SDKROOT; };
		B9E295B11A3A579900EE2CA5 /* fart.mp3 */ = {isa = PBXFileReference; lastKnownFileType = audio.mp3; path = fart.mp3; sourceTree = "<group>"; };
		B9F9EB1D1A5EFD4A006DE682 /* FART.entitlements */ = {isa = PBXFileReference; lastKnownFileType = text.xml; path = FART.entitlements; sourceTree = "<group>"; };
		B9F9EB231A5F0428006DE682 /* NotificationCenter.framework */ = {isa = PBXFileReference; lastKnownFileType = wrapper.framework; name = NotificationCenter.framework; path = System/Library/Frameworks/NotificationCenter.framework; sourceTree = SDKROOT; };
		DB330EBA81D1414A411D3B0C /* Pods-FART.release.xcconfig */ = {isa = PBXFileReference; includeInIndex = 1; lastKnownFileType = text.xcconfig; name = "Pods-FART.release.xcconfig"; path = "Pods/Target Support Files/Pods-FART/Pods-FART.release.xcconfig"; sourceTree = "<group>"; };
		E9C324227DBC66BC9F675A3C /* libPods-FART.a */ = {isa = PBXFileReference; explicitFileType = archive.ar; includeInIndex = 0; path = "libPods-FART.a"; sourceTree = BUILT_PRODUCTS_DIR; };
/* End PBXFileReference section */

/* Begin PBXFrameworksBuildPhase section */
		B917D27F196E0CDD008E418D /* Frameworks */ = {
			isa = PBXFrameworksBuildPhase;
			buildActionMask = 2147483647;
			files = (
				B9E295B01A3A4A5600EE2CA5 /* libstdc++.6.dylib in Frameworks */,
				B9E295A81A3A49DD00EE2CA5 /* libsqlite3.dylib in Frameworks */,
				B917D2D5196E0F5A008E418D /* Social.framework in Frameworks */,
				B917D2D3196E0F4E008E418D /* Accounts.framework in Frameworks */,
				B907E0321A140E10009713F5 /* Fabric.framework in Frameworks */,
				B917D2CF196E0E10008E418D /* SystemConfiguration.framework in Frameworks */,
				B992CB3C1B0FE0FC003A17A6 /* Crashlytics.framework in Frameworks */,
				B917D2CB196E0DFC008E418D /* Security.framework in Frameworks */,
				B917D2C9196E0DEF008E418D /* QuartzCore.framework in Frameworks */,
				B958E4731A2FC35B00C4DA4E /* MoPub.framework in Frameworks */,
				B917D2C7196E0DE5008E418D /* MobileCoreServices.framework in Frameworks */,
				B917D2C5196E0DDC008E418D /* libz.dylib in Frameworks */,
				B917D2C3196E0DCC008E418D /* CFNetwork.framework in Frameworks */,
				B917D2C1196E0DC6008E418D /* AudioToolbox.framework in Frameworks */,
				B917D2BD196E0CF0008E418D /* CoreBluetooth.framework in Frameworks */,
				B917D2BB196E0CE9008E418D /* CoreLocation.framework in Frameworks */,
				B917D288196E0CDD008E418D /* CoreGraphics.framework in Frameworks */,
				B917D28A196E0CDD008E418D /* UIKit.framework in Frameworks */,
				B917D286196E0CDD008E418D /* Foundation.framework in Frameworks */,
				230C81C043C166EF00BC39D0 /* libPods-FART.a in Frameworks */,
			);
			runOnlyForDeploymentPostprocessing = 0;
		};
		B94D910C1B0FC38A00556D16 /* Frameworks */ = {
			isa = PBXFrameworksBuildPhase;
			buildActionMask = 2147483647;
			files = (
				B94D91101B0FC38A00556D16 /* NotificationCenter.framework in Frameworks */,
			);
			runOnlyForDeploymentPostprocessing = 0;
		};
/* End PBXFrameworksBuildPhase section */

/* Begin PBXGroup section */
		B71B205C9D9E83B86E4875D8 /* Pods */ = {
			isa = PBXGroup;
			children = (
				8834920E1AFE021DB04085D6 /* Pods-FART.debug.xcconfig */,
				DB330EBA81D1414A411D3B0C /* Pods-FART.release.xcconfig */,
			);
			name = Pods;
			sourceTree = "<group>";
		};
		B917D279196E0CDD008E418D = {
			isa = PBXGroup;
			children = (
				B9F9EB1D1A5EFD4A006DE682 /* FART.entitlements */,
				B917D28B196E0CDD008E418D /* FART */,
				B917D2AA196E0CDD008E418D /* FARTTests */,
				B94D91111B0FC38A00556D16 /* fartCounter */,
				B917D284196E0CDD008E418D /* Frameworks */,
				B917D283196E0CDD008E418D /* Products */,
				B71B205C9D9E83B86E4875D8 /* Pods */,
			);
			sourceTree = "<group>";
		};
		B917D283196E0CDD008E418D /* Products */ = {
			isa = PBXGroup;
			children = (
				B917D282196E0CDD008E418D /* FART.app */,
				B94D910F1B0FC38A00556D16 /* fartCounter.appex */,
			);
			name = Products;
			sourceTree = "<group>";
		};
		B917D284196E0CDD008E418D /* Frameworks */ = {
			isa = PBXGroup;
			children = (
				B992CB3B1B0FE0FC003A17A6 /* Crashlytics.framework */,
				B9E295AF1A3A4A5600EE2CA5 /* libstdc++.6.dylib */,
				B9E295AD1A3A4A3600EE2CA5 /* libc.dylib */,
				B9E295AB1A3A4A2D00EE2CA5 /* libc++.dylib */,
				B9E295A91A3A4A1900EE2CA5 /* libstdc++.dylib */,
				B9E295A71A3A49DD00EE2CA5 /* libsqlite3.dylib */,
				B958E4711A2FC35B00C4DA4E /* MoPub.framework */,
				B958E4721A2FC35B00C4DA4E /* MoPub.bundle */,
				49E4FC5B1A23B63200908EDA /* Fabric.framework */,
				B917D2D4196E0F5A008E418D /* Social.framework */,
				B917D2D2196E0F4E008E418D /* Accounts.framework */,
				B917D2CE196E0E10008E418D /* SystemConfiguration.framework */,
				B917D2CA196E0DFC008E418D /* Security.framework */,
				B917D2C8196E0DEF008E418D /* QuartzCore.framework */,
				B917D2C6196E0DE5008E418D /* MobileCoreServices.framework */,
				B917D2C4196E0DDC008E418D /* libz.dylib */,
				B917D2C2196E0DCC008E418D /* CFNetwork.framework */,
				B917D2C0196E0DC6008E418D /* AudioToolbox.framework */,
				B917D2BC196E0CF0008E418D /* CoreBluetooth.framework */,
				B917D2BA196E0CE9008E418D /* CoreLocation.framework */,
				B917D285196E0CDD008E418D /* Foundation.framework */,
				B917D287196E0CDD008E418D /* CoreGraphics.framework */,
				B917D289196E0CDD008E418D /* UIKit.framework */,
				B917D2A4196E0CDD008E418D /* XCTest.framework */,
				E9C324227DBC66BC9F675A3C /* libPods-FART.a */,
				B9F9EB231A5F0428006DE682 /* NotificationCenter.framework */,
			);
			name = Frameworks;
			sourceTree = "<group>";
		};
		B917D28B196E0CDD008E418D /* FART */ = {
			isa = PBXGroup;
			children = (
				B99BFB381A7EE89C00538FEA /* Launch Screen.xib */,
				B917D297196E0CDD008E418D /* Main.storyboard */,
				B98FA7DD1AADAD54005B1062 /* Utils */,
				B917D294196E0CDD008E418D /* AppDelegate.h */,
				B917D295196E0CDD008E418D /* AppDelegate.m */,
				B99BFB3A1A7EE96400538FEA /* Utils */,
				B9DCAB021A099C13000940C7 /* fart.caf */,
				B9E295B11A3A579900EE2CA5 /* fart.mp3 */,
				B917D2E2196EE1E2008E418D /* User Profile */,
				B917D2D9196E7D22008E418D /* Contacts View (Main page) */,
				B990A19F197DBB1A00B276E9 /* Feedback */,
				B917D29A196E0CDD008E418D /* ViewController.h */,
				B917D29B196E0CDD008E418D /* ViewController.m */,
				B917D29D196E0CDD008E418D /* Images.xcassets */,
				B917D28C196E0CDD008E418D /* Supporting Files */,
			);
			name = FART;
			path = "H-ound";
			sourceTree = "<group>";
		};
		B917D28C196E0CDD008E418D /* Supporting Files */ = {
			isa = PBXGroup;
			children = (
				B907E0331A140EAA009713F5 /* MoPub.framework */,
				B907E0341A140EAA009713F5 /* MoPub.bundle */,
				B907E02F1A140E10009713F5 /* Crashlytics.framework */,
				B907E0301A140E10009713F5 /* Fabric.framework */,
				B917D28D196E0CDD008E418D /* FART-Info.plist */,
				B917D28E196E0CDD008E418D /* InfoPlist.strings */,
				B917D291196E0CDD008E418D /* main.m */,
				B917D293196E0CDD008E418D /* FART-Prefix.pch */,
			);
			name = "Supporting Files";
			sourceTree = "<group>";
		};
		B917D2AA196E0CDD008E418D /* FARTTests */ = {
			isa = PBXGroup;
			children = (
				B917D2B0196E0CDD008E418D /* H_oundTests.m */,
				B917D2AB196E0CDD008E418D /* Supporting Files */,
			);
			name = FARTTests;
			path = "H-oundTests";
			sourceTree = "<group>";
		};
		B917D2AB196E0CDD008E418D /* Supporting Files */ = {
			isa = PBXGroup;
			children = (
				B917D2AC196E0CDD008E418D /* H-ound Fart Ed.Tests-Info.plist */,
				B917D2AD196E0CDD008E418D /* InfoPlist.strings */,
			);
			name = "Supporting Files";
			sourceTree = "<group>";
		};
		B917D2D9196E7D22008E418D /* Contacts View (Main page) */ = {
			isa = PBXGroup;
			children = (
				B954ADCB1978946700AB9877 /* contactsViewController.h */,
				B954ADCC1978946700AB9877 /* contactsViewController.m */,
				B917D2DA196E7D43008E418D /* contactCellTableViewCell.h */,
				B917D2DB196E7D43008E418D /* contactCellTableViewCell.m */,
				B96ADA8E1A1D74DF00E4E424 /* shareTableViewCell.h */,
				B96ADA8F1A1D74DF00E4E424 /* shareTableViewCell.m */,
			);
			name = "Contacts View (Main page)";
			sourceTree = "<group>";
		};
		B917D2E2196EE1E2008E418D /* User Profile */ = {
			isa = PBXGroup;
			children = (
				B917D2DF196EE1D6008E418D /* userSettingsViewController.h */,
				B917D2E0196EE1D6008E418D /* userSettingsViewController.m */,
			);
			name = "User Profile";
			sourceTree = "<group>";
		};
		B94D91111B0FC38A00556D16 /* fartCounter */ = {
			isa = PBXGroup;
			children = (
				B94D91141B0FC38A00556D16 /* TodayViewController.swift */,
				B94D91161B0FC38A00556D16 /* MainInterface.storyboard */,
				B94D91121B0FC38A00556D16 /* Supporting Files */,
			);
			path = fartCounter;
			sourceTree = "<group>";
		};
		B94D91121B0FC38A00556D16 /* Supporting Files */ = {
			isa = PBXGroup;
			children = (
				B94D91131B0FC38A00556D16 /* Info.plist */,
			);
			name = "Supporting Files";
			sourceTree = "<group>";
		};
		B98FA7DD1AADAD54005B1062 /* Utils */ = {
			isa = PBXGroup;
			children = (
				B98FA7DE1AADAD5D005B1062 /* UAObfuscatedString.h */,
				B98FA7DF1AADAD5D005B1062 /* UAObfuscatedString.m */,
				B96ADA921A1E0E5100E4E424 /* Constants.h */,
			);
			name = Utils;
			sourceTree = "<group>";
		};
		B990A19F197DBB1A00B276E9 /* Feedback */ = {
			isa = PBXGroup;
			children = (
				B990A19C197DBB1600B276E9 /* feedbackViewController.h */,
				B990A19D197DBB1600B276E9 /* feedbackViewController.m */,
			);
			name = Feedback;
			sourceTree = "<group>";
		};
		B99BFB3A1A7EE96400538FEA /* Utils */ = {
			isa = PBXGroup;
			children = (
				B96ADA8B1A1D579A00E4E424 /* PushNotificationMaster.h */,
				B96ADA8C1A1D579A00E4E424 /* PushNotificationMaster.m */,
			);
			name = Utils;
			sourceTree = "<group>";
		};
/* End PBXGroup section */

/* Begin PBXNativeTarget section */
		B917D281196E0CDD008E418D /* FART */ = {
			isa = PBXNativeTarget;
			buildConfigurationList = B917D2B4196E0CDD008E418D /* Build configuration list for PBXNativeTarget "FART" */;
			buildPhases = (
				6C2A2DD9FFB74D5FAD415AC2 /* Check Pods Manifest.lock */,
				B917D27E196E0CDD008E418D /* Sources */,
				B917D27F196E0CDD008E418D /* Frameworks */,
				B917D280196E0CDD008E418D /* Resources */,
				56B85890C19D4CAB935C2A32 /* Copy Pods Resources */,
				B907E02E1A140DD7009713F5 /* ShellScript */,
				B967B3B31A1BDCCB005BEBF8 /* Embed App Extensions */,
			);
			buildRules = (
			);
			dependencies = (
				B94D91191B0FC38A00556D16 /* PBXTargetDependency */,
			);
			name = FART;
			productName = "H-ound";
			productReference = B917D282196E0CDD008E418D /* FART.app */;
			productType = "com.apple.product-type.application";
		};
		B94D910E1B0FC38A00556D16 /* fartCounter */ = {
			isa = PBXNativeTarget;
			buildConfigurationList = B94D911B1B0FC38A00556D16 /* Build configuration list for PBXNativeTarget "fartCounter" */;
			buildPhases = (
				B94D910B1B0FC38A00556D16 /* Sources */,
				B94D910C1B0FC38A00556D16 /* Frameworks */,
				B94D910D1B0FC38A00556D16 /* Resources */,
			);
			buildRules = (
			);
			dependencies = (
			);
			name = fartCounter;
			productName = fartCounter;
			productReference = B94D910F1B0FC38A00556D16 /* fartCounter.appex */;
			productType = "com.apple.product-type.app-extension";
		};
/* End PBXNativeTarget section */

/* Begin PBXProject section */
		B917D27A196E0CDD008E418D /* Project object */ = {
			isa = PBXProject;
			attributes = {
				LastUpgradeCheck = 0630;
				ORGANIZATIONNAME = matcom;
				TargetAttributes = {
					B917D281196E0CDD008E418D = {
						DevelopmentTeam = B82WJF6RBY;
						SystemCapabilities = {
							com.apple.ApplicationGroups.iOS = {
								enabled = 1;
							};
							com.apple.BackgroundModes = {
								enabled = 1;
							};
							com.apple.InAppPurchase = {
								enabled = 0;
							};
							com.apple.Keychain = {
								enabled = 1;
							};
						};
					};
					B94D910E1B0FC38A00556D16 = {
						CreatedOnToolsVersion = 6.3.2;
						DevelopmentTeam = B82WJF6RBY;
					};
				};
			};
			buildConfigurationList = B917D27D196E0CDD008E418D /* Build configuration list for PBXProject "FART" */;
			compatibilityVersion = "Xcode 6.3";
			developmentRegion = English;
			hasScannedForEncodings = 0;
			knownRegions = (
				en,
				Base,
			);
			mainGroup = B917D279196E0CDD008E418D;
			productRefGroup = B917D283196E0CDD008E418D /* Products */;
			projectDirPath = "";
			projectRoot = "";
			targets = (
				B917D281196E0CDD008E418D /* FART */,
				B94D910E1B0FC38A00556D16 /* fartCounter */,
			);
		};
/* End PBXProject section */

/* Begin PBXResourcesBuildPhase section */
		B917D280196E0CDD008E418D /* Resources */ = {
			isa = PBXResourcesBuildPhase;
			buildActionMask = 2147483647;
			files = (
				B917D29E196E0CDD008E418D /* Images.xcassets in Resources */,
				B917D290196E0CDD008E418D /* InfoPlist.strings in Resources */,
				B958E4741A2FC35B00C4DA4E /* MoPub.bundle in Resources */,
				B9DCAB031A099C13000940C7 /* fart.caf in Resources */,
				B99BFB391A7EE89C00538FEA /* Launch Screen.xib in Resources */,
				B9E295B21A3A579900EE2CA5 /* fart.mp3 in Resources */,
				B917D299196E0CDD008E418D /* Main.storyboard in Resources */,
			);
			runOnlyForDeploymentPostprocessing = 0;
		};
		B94D910D1B0FC38A00556D16 /* Resources */ = {
			isa = PBXResourcesBuildPhase;
			buildActionMask = 2147483647;
			files = (
				B94D91171B0FC38A00556D16 /* MainInterface.storyboard in Resources */,
			);
			runOnlyForDeploymentPostprocessing = 0;
		};
/* End PBXResourcesBuildPhase section */

/* Begin PBXShellScriptBuildPhase section */
		56B85890C19D4CAB935C2A32 /* Copy Pods Resources */ = {
			isa = PBXShellScriptBuildPhase;
			buildActionMask = 2147483647;
			files = (
			);
			inputPaths = (
			);
			name = "Copy Pods Resources";
			outputPaths = (
			);
			runOnlyForDeploymentPostprocessing = 0;
			shellPath = /bin/sh;
			shellScript = "\"${SRCROOT}/Pods/Target Support Files/Pods-FART/Pods-FART-resources.sh\"\n";
			showEnvVarsInLog = 0;
		};
		6C2A2DD9FFB74D5FAD415AC2 /* Check Pods Manifest.lock */ = {
			isa = PBXShellScriptBuildPhase;
			buildActionMask = 2147483647;
			files = (
			);
			inputPaths = (
			);
			name = "Check Pods Manifest.lock";
			outputPaths = (
			);
			runOnlyForDeploymentPostprocessing = 0;
			shellPath = /bin/sh;
			shellScript = "diff \"${PODS_ROOT}/../Podfile.lock\" \"${PODS_ROOT}/Manifest.lock\" > /dev/null\nif [[ $? != 0 ]] ; then\n    cat << EOM\nerror: The sandbox is not in sync with the Podfile.lock. Run 'pod install' or update your CocoaPods installation.\nEOM\n    exit 1\nfi\n";
			showEnvVarsInLog = 0;
		};
		B907E02E1A140DD7009713F5 /* ShellScript */ = {
			isa = PBXShellScriptBuildPhase;
			buildActionMask = 2147483647;
			files = (
			);
			inputPaths = (
			);
			outputPaths = (
			);
			runOnlyForDeploymentPostprocessing = 0;
			shellPath = /bin/sh;
			shellScript = "./Fabric.framework/run bc6eb673602ede597b84b8042dbc6bdae962e4e2 493ea0cc1777008654e2598d232e6891dc122ecd5ca4635cfa6865f6d310387f";
		};
/* End PBXShellScriptBuildPhase section */

/* Begin PBXSourcesBuildPhase section */
		B917D27E196E0CDD008E418D /* Sources */ = {
			isa = PBXSourcesBuildPhase;
			buildActionMask = 2147483647;
			files = (
				B917D2E1196EE1D6008E418D /* userSettingsViewController.m in Sources */,
				B917D29C196E0CDD008E418D /* ViewController.m in Sources */,
				B917D2DC196E7D43008E418D /* contactCellTableViewCell.m in Sources */,
				B954ADCD1978946700AB9877 /* contactsViewController.m in Sources */,
				B917D296196E0CDD008E418D /* AppDelegate.m in Sources */,
				B990A19E197DBB1600B276E9 /* feedbackViewController.m in Sources */,
				B98FA7E01AADAD5D005B1062 /* UAObfuscatedString.m in Sources */,
				B96ADA8D1A1D579A00E4E424 /* PushNotificationMaster.m in Sources */,
				B96ADA901A1D74DF00E4E424 /* shareTableViewCell.m in Sources */,
				B917D292196E0CDD008E418D /* main.m in Sources */,
			);
			runOnlyForDeploymentPostprocessing = 0;
		};
		B94D910B1B0FC38A00556D16 /* Sources */ = {
			isa = PBXSourcesBuildPhase;
			buildActionMask = 2147483647;
			files = (
				B94D91151B0FC38A00556D16 /* TodayViewController.swift in Sources */,
			);
			runOnlyForDeploymentPostprocessing = 0;
		};
/* End PBXSourcesBuildPhase section */

/* Begin PBXTargetDependency section */
		B94D91191B0FC38A00556D16 /* PBXTargetDependency */ = {
			isa = PBXTargetDependency;
			target = B94D910E1B0FC38A00556D16 /* fartCounter */;
			targetProxy = B94D91181B0FC38A00556D16 /* PBXContainerItemProxy */;
		};
/* End PBXTargetDependency section */

/* Begin PBXVariantGroup section */
		B917D28E196E0CDD008E418D /* InfoPlist.strings */ = {
			isa = PBXVariantGroup;
			children = (
				B917D28F196E0CDD008E418D /* en */,
			);
			name = InfoPlist.strings;
			sourceTree = "<group>";
		};
		B917D297196E0CDD008E418D /* Main.storyboard */ = {
			isa = PBXVariantGroup;
			children = (
				B917D298196E0CDD008E418D /* Base */,
			);
			name = Main.storyboard;
			sourceTree = "<group>";
		};
		B917D2AD196E0CDD008E418D /* InfoPlist.strings */ = {
			isa = PBXVariantGroup;
			children = (
				B917D2AE196E0CDD008E418D /* en */,
			);
			name = InfoPlist.strings;
			sourceTree = "<group>";
		};
/* End PBXVariantGroup section */

/* Begin XCBuildConfiguration section */
		B917D2B2196E0CDD008E418D /* Debug */ = {
			isa = XCBuildConfiguration;
			buildSettings = {
				ALWAYS_SEARCH_USER_PATHS = NO;
				CLANG_CXX_LANGUAGE_STANDARD = "gnu++0x";
				CLANG_CXX_LIBRARY = "libc++";
				CLANG_ENABLE_MODULES = YES;
				CLANG_ENABLE_OBJC_ARC = YES;
				CLANG_WARN_BOOL_CONVERSION = YES;
				CLANG_WARN_CONSTANT_CONVERSION = YES;
				CLANG_WARN_DIRECT_OBJC_ISA_USAGE = YES_ERROR;
				CLANG_WARN_EMPTY_BODY = YES;
				CLANG_WARN_ENUM_CONVERSION = YES;
				CLANG_WARN_INT_CONVERSION = YES;
				CLANG_WARN_OBJC_ROOT_CLASS = YES_ERROR;
				CLANG_WARN__DUPLICATE_METHOD_MATCH = YES;
				CODE_SIGN_IDENTITY = "iPhone Developer: Matteo Comisso (S7YH5DL2AY)";
				"CODE_SIGN_IDENTITY[sdk=iphoneos*]" = "iPhone Developer: Matteo Comisso (S7YH5DL2AY)";
				COPY_PHASE_STRIP = NO;
				GCC_C_LANGUAGE_STANDARD = gnu99;
				GCC_DYNAMIC_NO_PIC = NO;
				GCC_OPTIMIZATION_LEVEL = 0;
				GCC_PREPROCESSOR_DEFINITIONS = (
					"DEBUG=1",
					"$(inherited)",
				);
				GCC_SYMBOLS_PRIVATE_EXTERN = NO;
				GCC_WARN_64_TO_32_BIT_CONVERSION = YES;
				GCC_WARN_ABOUT_RETURN_TYPE = YES_ERROR;
				GCC_WARN_UNDECLARED_SELECTOR = YES;
				GCC_WARN_UNINITIALIZED_AUTOS = YES_AGGRESSIVE;
				GCC_WARN_UNUSED_FUNCTION = YES;
				GCC_WARN_UNUSED_VARIABLE = YES;
				IPHONEOS_DEPLOYMENT_TARGET = 8.0;
				LIBRARY_SEARCH_PATHS = (
					"$(PROJECT_DIR)/Pods/build/Debug-iphoneos",
					"$(inherited)",
				);
				ONLY_ACTIVE_ARCH = YES;
				PROVISIONING_PROFILE = "";
				SDKROOT = iphoneos;
			};
			name = Debug;
		};
		B917D2B3196E0CDD008E418D /* Release */ = {
			isa = XCBuildConfiguration;
			buildSettings = {
				ALWAYS_SEARCH_USER_PATHS = NO;
				CLANG_CXX_LANGUAGE_STANDARD = "gnu++0x";
				CLANG_CXX_LIBRARY = "libc++";
				CLANG_ENABLE_MODULES = YES;
				CLANG_ENABLE_OBJC_ARC = YES;
				CLANG_WARN_BOOL_CONVERSION = YES;
				CLANG_WARN_CONSTANT_CONVERSION = YES;
				CLANG_WARN_DIRECT_OBJC_ISA_USAGE = YES_ERROR;
				CLANG_WARN_EMPTY_BODY = YES;
				CLANG_WARN_ENUM_CONVERSION = YES;
				CLANG_WARN_INT_CONVERSION = YES;
				CLANG_WARN_OBJC_ROOT_CLASS = YES_ERROR;
				CLANG_WARN__DUPLICATE_METHOD_MATCH = YES;
				CODE_SIGN_IDENTITY = "iPhone Developer: Matteo Comisso (S7YH5DL2AY)";
				"CODE_SIGN_IDENTITY[sdk=iphoneos*]" = "iPhone Developer: Matteo Comisso (S7YH5DL2AY)";
				COPY_PHASE_STRIP = YES;
				ENABLE_NS_ASSERTIONS = NO;
				GCC_C_LANGUAGE_STANDARD = gnu99;
				GCC_WARN_64_TO_32_BIT_CONVERSION = YES;
				GCC_WARN_ABOUT_RETURN_TYPE = YES_ERROR;
				GCC_WARN_UNDECLARED_SELECTOR = YES;
				GCC_WARN_UNINITIALIZED_AUTOS = YES_AGGRESSIVE;
				GCC_WARN_UNUSED_FUNCTION = YES;
				GCC_WARN_UNUSED_VARIABLE = YES;
				IPHONEOS_DEPLOYMENT_TARGET = 8.0;
				LIBRARY_SEARCH_PATHS = (
					"$(PROJECT_DIR)/Pods/build/Debug-iphoneos",
					"$(inherited)",
				);
				PROVISIONING_PROFILE = "";
				SDKROOT = iphoneos;
				VALIDATE_PRODUCT = YES;
			};
			name = Release;
		};
		B917D2B5196E0CDD008E418D /* Debug */ = {
			isa = XCBuildConfiguration;
			baseConfigurationReference = 8834920E1AFE021DB04085D6 /* Pods-FART.debug.xcconfig */;
			buildSettings = {
				ASSETCATALOG_COMPILER_APPICON_NAME = AppIcon;
				CLANG_ENABLE_MODULES = YES;
				CODE_SIGN_ENTITLEMENTS = FART.entitlements;
				CODE_SIGN_IDENTITY = "iPhone Developer";
				"CODE_SIGN_IDENTITY[sdk=iphoneos*]" = "iPhone Developer";
				EMBEDDED_CONTENT_CONTAINS_SWIFT = NO;
				FRAMEWORK_SEARCH_PATHS = (
					"$(inherited)",
					"$(PROJECT_DIR)",
				);
				GCC_PRECOMPILE_PREFIX_HEADER = YES;
				GCC_PREFIX_HEADER = "H-ound/FART-Prefix.pch";
				INFOPLIST_FILE = "H-ound/FART-Info.plist";
				IPHONEOS_DEPLOYMENT_TARGET = 8.0;
				LD_RUNPATH_SEARCH_PATHS = "$(inherited) @executable_path/Frameworks";
				ONLY_ACTIVE_ARCH = NO;
				PRODUCT_NAME = FART;
				PROVISIONING_PROFILE = "";
				TARGETED_DEVICE_FAMILY = 1;
				WRAPPER_EXTENSION = app;
			};
			name = Debug;
		};
		B917D2B6196E0CDD008E418D /* Release */ = {
			isa = XCBuildConfiguration;
			baseConfigurationReference = DB330EBA81D1414A411D3B0C /* Pods-FART.release.xcconfig */;
			buildSettings = {
				ASSETCATALOG_COMPILER_APPICON_NAME = AppIcon;
				CLANG_ENABLE_MODULES = YES;
				CODE_SIGN_ENTITLEMENTS = FART.entitlements;
				CODE_SIGN_IDENTITY = "iPhone Developer";
				"CODE_SIGN_IDENTITY[sdk=iphoneos*]" = "iPhone Developer";
				EMBEDDED_CONTENT_CONTAINS_SWIFT = NO;
				FRAMEWORK_SEARCH_PATHS = (
					"$(inherited)",
					"$(PROJECT_DIR)",
				);
				GCC_PRECOMPILE_PREFIX_HEADER = YES;
				GCC_PREFIX_HEADER = "H-ound/FART-Prefix.pch";
				INFOPLIST_FILE = "H-ound/FART-Info.plist";
				IPHONEOS_DEPLOYMENT_TARGET = 8.0;
				LD_RUNPATH_SEARCH_PATHS = "$(inherited) @executable_path/Frameworks";
				ONLY_ACTIVE_ARCH = NO;
				PRODUCT_NAME = FART;
				PROVISIONING_PROFILE = "";
				TARGETED_DEVICE_FAMILY = 1;
				WRAPPER_EXTENSION = app;
			};
			name = Release;
		};
		B94D911C1B0FC38A00556D16 /* Debug */ = {
			isa = XCBuildConfiguration;
			buildSettings = {
				CLANG_WARN_UNREACHABLE_CODE = YES;
				CODE_SIGN_IDENTITY = "iPhone Developer";
				"CODE_SIGN_IDENTITY[sdk=iphoneos*]" = "iPhone Developer";
				DEBUG_INFORMATION_FORMAT = "dwarf-with-dsym";
				ENABLE_STRICT_OBJC_MSGSEND = YES;
				GCC_NO_COMMON_BLOCKS = YES;
				GCC_PREPROCESSOR_DEFINITIONS = (
					"DEBUG=1",
					"$(inherited)",
				);
				INFOPLIST_FILE = fartCounter/Info.plist;
				IPHONEOS_DEPLOYMENT_TARGET = 8.3;
				LD_RUNPATH_SEARCH_PATHS = "$(inherited) @executable_path/Frameworks @executable_path/../../Frameworks";
				MTL_ENABLE_DEBUG_INFO = YES;
				ONLY_ACTIVE_ARCH = YES;
				PRODUCT_NAME = "$(TARGET_NAME)";
				SKIP_INSTALL = YES;
				SWIFT_OPTIMIZATION_LEVEL = "-Onone";
			};
			name = Debug;
		};
		B94D911D1B0FC38A00556D16 /* Release */ = {
			isa = XCBuildConfiguration;
			buildSettings = {
				CLANG_WARN_UNREACHABLE_CODE = YES;
				CODE_SIGN_IDENTITY = "iPhone Developer";
				"CODE_SIGN_IDENTITY[sdk=iphoneos*]" = "iPhone Developer";
				COPY_PHASE_STRIP = NO;
				DEBUG_INFORMATION_FORMAT = "dwarf-with-dsym";
				ENABLE_STRICT_OBJC_MSGSEND = YES;
				GCC_NO_COMMON_BLOCKS = YES;
				INFOPLIST_FILE = fartCounter/Info.plist;
				IPHONEOS_DEPLOYMENT_TARGET = 8.3;
				LD_RUNPATH_SEARCH_PATHS = "$(inherited) @executable_path/Frameworks @executable_path/../../Frameworks";
				MTL_ENABLE_DEBUG_INFO = NO;
				PRODUCT_NAME = "$(TARGET_NAME)";
				SKIP_INSTALL = YES;
			};
			name = Release;
		};
/* End XCBuildConfiguration section */

/* Begin XCConfigurationList section */
		B917D27D196E0CDD008E418D /* Build configuration list for PBXProject "FART" */ = {
			isa = XCConfigurationList;
			buildConfigurations = (
				B917D2B2196E0CDD008E418D /* Debug */,
				B917D2B3196E0CDD008E418D /* Release */,
			);
			defaultConfigurationIsVisible = 0;
			defaultConfigurationName = Release;
		};
		B917D2B4196E0CDD008E418D /* Build configuration list for PBXNativeTarget "FART" */ = {
			isa = XCConfigurationList;
			buildConfigurations = (
				B917D2B5196E0CDD008E418D /* Debug */,
				B917D2B6196E0CDD008E418D /* Release */,
			);
			defaultConfigurationIsVisible = 0;
			defaultConfigurationName = Release;
		};
		B94D911B1B0FC38A00556D16 /* Build configuration list for PBXNativeTarget "fartCounter" */ = {
			isa = XCConfigurationList;
			buildConfigurations = (
				B94D911C1B0FC38A00556D16 /* Debug */,
				B94D911D1B0FC38A00556D16 /* Release */,
			);
			defaultConfigurationIsVisible = 0;
			defaultConfigurationName = Release;
		};
/* End XCConfigurationList section */
	};
	rootObject = B917D27A196E0CDD008E418D /* Project object */;
}
